
Microsoft Visual Studio Solution File, Format Version 12.00
# Visual Studio Version 17
VisualStudioVersion = 17.11.35222.181
MinimumVisualStudioVersion = 10.0.40219.1
Project("{FAE04EC0-301F-11D3-BF4B-00C04F79EFBC}") = "StartJobFunction", "..\StartJobFunction\StartJobFunction.csproj", "{DC2B9E4D-170F-409D-A397-98CC521DAF45}"
EndProject
Project("{FAE04EC0-301F-11D3-BF4B-00C04F79EFBC}") = "FunctionProcessWeatherImage", "..\FunctionProcessWeatherImage\FunctionProcessWeatherImage.csproj", "{DFE0457E-CFA9-4F2C-B872-2B3CB069992A}"
EndProject
Project("{FAE04EC0-301F-11D3-BF4B-00C04F79EFBC}") = "GenerateImageFunction", "..\GenerateImageFunction\GenerateImageFunction.csproj", "{C0D4C665-A415-4D8B-ABB6-2E8426F9C224}"
EndProject
Project("{FAE04EC0-301F-11D3-BF4B-00C04F79EFBC}") = "ExposeBlobFunction", "..\ExposeBlobFunction\ExposeBlobFunction.csproj", "{24250914-E1B8-42B1-9708-8C92FC628263}"
EndProject
Project("{2150E333-8FDC-42A3-9474-1A3956D46DE8}") = "Docs", "Docs", "{AC43188A-67B7-4089-8B31-41F48D1FCFB3}"
EndProject
Global
	GlobalSection(SolutionConfigurationPlatforms) = preSolution
		Debug|Any CPU = Debug|Any CPU
		Release|Any CPU = Release|Any CPU
	EndGlobalSection
	GlobalSection(ProjectConfigurationPlatforms) = postSolution
		{DC2B9E4D-170F-409D-A397-98CC521DAF45}.Debug|Any CPU.ActiveCfg = Debug|Any CPU
		{DC2B9E4D-170F-409D-A397-98CC521DAF45}.Debug|Any CPU.Build.0 = Debug|Any CPU
		{DC2B9E4D-170F-409D-A397-98CC521DAF45}.Release|Any CPU.ActiveCfg = Release|Any CPU
		{DC2B9E4D-170F-409D-A397-98CC521DAF45}.Release|Any CPU.Build.0 = Release|Any CPU
		{DFE0457E-CFA9-4F2C-B872-2B3CB069992A}.Debug|Any CPU.ActiveCfg = Debug|Any CPU
		{DFE0457E-CFA9-4F2C-B872-2B3CB069992A}.Debug|Any CPU.Build.0 = Debug|Any CPU
		{DFE0457E-CFA9-4F2C-B872-2B3CB069992A}.Release|Any CPU.ActiveCfg = Release|Any CPU
		{DFE0457E-CFA9-4F2C-B872-2B3CB069992A}.Release|Any CPU.Build.0 = Release|Any CPU
		{C0D4C665-A415-4D8B-ABB6-2E8426F9C224}.Debug|Any CPU.ActiveCfg = Debug|Any CPU
		{C0D4C665-A415-4D8B-ABB6-2E8426F9C224}.Debug|Any CPU.Build.0 = Debug|Any CPU
		{C0D4C665-A415-4D8B-ABB6-2E8426F9C224}.Release|Any CPU.ActiveCfg = Release|Any CPU
		{C0D4C665-A415-4D8B-ABB6-2E8426F9C224}.Release|Any CPU.Build.0 = Release|Any CPU
		{24250914-E1B8-42B1-9708-8C92FC628263}.Debug|Any CPU.ActiveCfg = Debug|Any CPU
		{24250914-E1B8-42B1-9708-8C92FC628263}.Debug|Any CPU.Build.0 = Debug|Any CPU
		{24250914-E1B8-42B1-9708-8C92FC628263}.Release|Any CPU.ActiveCfg = Release|Any CPU
		{24250914-E1B8-42B1-9708-8C92FC628263}.Release|Any CPU.Build.0 = Release|Any CPU
	EndGlobalSection
	GlobalSection(SolutionProperties) = preSolution
		HideSolutionNode = FALSE
	EndGlobalSection
	GlobalSection(ExtensibilityGlobals) = postSolution
		SolutionGuid = {DD4160D9-39E4-474B-96D0-A7C6DD9173DD}
	EndGlobalSection
EndGlobal
